
Microsoft Visual Studio Solution File, Format Version 12.00
# Visual Studio Version 17
VisualStudioVersion = 17.6.33723.286
MinimumVisualStudioVersion = 10.0.40219.1
Project("{FAE04EC0-301F-11D3-BF4B-00C04F79EFBC}") = "adbms_group_project", "adbms_group_project.csproj", "{73FFF357-2F5E-464B-A6E8-71B4F64F4D0C}"
EndProject
Global
	GlobalSection(SolutionConfigurationPlatforms) = preSolution
		Debug|Any CPU = Debug|Any CPU
		Release|Any CPU = Release|Any CPU
	EndGlobalSection
	GlobalSection(ProjectConfigurationPlatforms) = postSolution
		{73FFF357-2F5E-464B-A6E8-71B4F64F4D0C}.Debug|Any CPU.ActiveCfg = Debug|Any CPU
		{73FFF357-2F5E-464B-A6E8-71B4F64F4D0C}.Debug|Any CPU.Build.0 = Debug|Any CPU
		{73FFF357-2F5E-464B-A6E8-71B4F64F4D0C}.Release|Any CPU.ActiveCfg = Release|Any CPU
		{73FFF357-2F5E-464B-A6E8-71B4F64F4D0C}.Release|Any CPU.Build.0 = Release|Any CPU
	EndGlobalSection
	GlobalSection(SolutionProperties) = preSolution
		HideSolutionNode = FALSE
	EndGlobalSection
	GlobalSection(ExtensibilityGlobals) = postSolution
		SolutionGuid = {146979CA-655C-4F73-805E-3BB720D0C710}
	EndGlobalSection
EndGlobal
